
Microsoft Visual Studio Solution File, Format Version 12.00
# Visual Studio Version 16
VisualStudioVersion = 16.0.31515.178
MinimumVisualStudioVersion = 10.0.40219.1
Project("{FAE04EC0-301F-11D3-BF4B-00C04F79EFBC}") = "WebApi", "DotmimSyncIssue\WebApi.csproj", "{8D57990F-356C-442D-86E0-73C8410EC194}"
EndProject
Project("{FAE04EC0-301F-11D3-BF4B-00C04F79EFBC}") = "DataEntities", "Entities\DataEntities.csproj", "{7B9DF317-6612-469A-931E-C6844561DCB3}"
EndProject
Project("{FAE04EC0-301F-11D3-BF4B-00C04F79EFBC}") = "DotmimSyncIssue", "EntityMigrationHelper\DotmimSyncIssue.csproj", "{4849786C-DB4B-4CCF-87C5-A05E65E973C1}"
EndProject
Global
	GlobalSection(SolutionConfigurationPlatforms) = preSolution
		Debug|Any CPU = Debug|Any CPU
		Release|Any CPU = Release|Any CPU
	EndGlobalSection
	GlobalSection(ProjectConfigurationPlatforms) = postSolution
		{8D57990F-356C-442D-86E0-73C8410EC194}.Debug|Any CPU.ActiveCfg = Debug|Any CPU
		{8D57990F-356C-442D-86E0-73C8410EC194}.Debug|Any CPU.Build.0 = Debug|Any CPU
		{8D57990F-356C-442D-86E0-73C8410EC194}.Release|Any CPU.ActiveCfg = Release|Any CPU
		{8D57990F-356C-442D-86E0-73C8410EC194}.Release|Any CPU.Build.0 = Release|Any CPU
		{7B9DF317-6612-469A-931E-C6844561DCB3}.Debug|Any CPU.ActiveCfg = Debug|Any CPU
		{7B9DF317-6612-469A-931E-C6844561DCB3}.Debug|Any CPU.Build.0 = Debug|Any CPU
		{7B9DF317-6612-469A-931E-C6844561DCB3}.Release|Any CPU.ActiveCfg = Release|Any CPU
		{7B9DF317-6612-469A-931E-C6844561DCB3}.Release|Any CPU.Build.0 = Release|Any CPU
		{4849786C-DB4B-4CCF-87C5-A05E65E973C1}.Debug|Any CPU.ActiveCfg = Debug|Any CPU
		{4849786C-DB4B-4CCF-87C5-A05E65E973C1}.Debug|Any CPU.Build.0 = Debug|Any CPU
		{4849786C-DB4B-4CCF-87C5-A05E65E973C1}.Release|Any CPU.ActiveCfg = Release|Any CPU
		{4849786C-DB4B-4CCF-87C5-A05E65E973C1}.Release|Any CPU.Build.0 = Release|Any CPU
	EndGlobalSection
	GlobalSection(SolutionProperties) = preSolution
		HideSolutionNode = FALSE
	EndGlobalSection
	GlobalSection(ExtensibilityGlobals) = postSolution
		SolutionGuid = {96AC848F-612B-4168-AC9B-5EE0E5549E51}
	EndGlobalSection
EndGlobal
